
Microsoft Visual Studio Solution File, Format Version 12.00
# Visual Studio 15
VisualStudioVersion = 15.0.26730.8
MinimumVisualStudioVersion = 10.0.40219.1
Project("{FAE04EC0-301F-11D3-BF4B-00C04F79EFBC}") = "BaiTap3", "BaiTap3.csproj", "{DB02291A-8241-4502-847B-35DFE875938B}"
EndProject
Global
	GlobalSection(SolutionConfigurationPlatforms) = preSolution
		Debug|Any CPU = Debug|Any CPU
		Release|Any CPU = Release|Any CPU
	EndGlobalSection
	GlobalSection(ProjectConfigurationPlatforms) = postSolution
		{DB02291A-8241-4502-847B-35DFE875938B}.Debug|Any CPU.ActiveCfg = Debug|Any CPU
		{DB02291A-8241-4502-847B-35DFE875938B}.Debug|Any CPU.Build.0 = Debug|Any CPU
		{DB02291A-8241-4502-847B-35DFE875938B}.Release|Any CPU.ActiveCfg = Release|Any CPU
		{DB02291A-8241-4502-847B-35DFE875938B}.Release|Any CPU.Build.0 = Release|Any CPU
	EndGlobalSection
	GlobalSection(SolutionProperties) = preSolution
		HideSolutionNode = FALSE
	EndGlobalSection
	GlobalSection(ExtensibilityGlobals) = postSolution
		SolutionGuid = {61451DAA-8503-4D5B-8FD8-3B6A11758B78}
	EndGlobalSection
EndGlobal
